
Microsoft Visual Studio Solution File, Format Version 12.00
# Visual Studio Version 16
VisualStudioVersion = 16.0.29728.190
MinimumVisualStudioVersion = 10.0.40219.1
Project("{FAE04EC0-301F-11D3-BF4B-00C04F79EFBC}") = "ConsoleFM_Project", "ConsoleFM_Project\ConsoleFM_Project.csproj", "{49624151-72BE-4682-B2F5-1BEFC7A4F651}"
EndProject
Global
	GlobalSection(SolutionConfigurationPlatforms) = preSolution
		Debug|Any CPU = Debug|Any CPU
		Release|Any CPU = Release|Any CPU
	EndGlobalSection
	GlobalSection(ProjectConfigurationPlatforms) = postSolution
		{49624151-72BE-4682-B2F5-1BEFC7A4F651}.Debug|Any CPU.ActiveCfg = Debug|Any CPU
		{49624151-72BE-4682-B2F5-1BEFC7A4F651}.Debug|Any CPU.Build.0 = Debug|Any CPU
		{49624151-72BE-4682-B2F5-1BEFC7A4F651}.Release|Any CPU.ActiveCfg = Release|Any CPU
		{49624151-72BE-4682-B2F5-1BEFC7A4F651}.Release|Any CPU.Build.0 = Release|Any CPU
	EndGlobalSection
	GlobalSection(SolutionProperties) = preSolution
		HideSolutionNode = FALSE
	EndGlobalSection
	GlobalSection(ExtensibilityGlobals) = postSolution
		SolutionGuid = {D4835A04-4900-46B7-946A-3602C0D98383}
	EndGlobalSection
EndGlobal
